{
  "name": "miniapp",
  "lockfileVersion": 2,
  "requires": true,
  "packages": {
    "": {
      "dependencies": {
        "wx-qr": "^0.1.2"
      }
    },
    "node_modules/wx-qr": {
      "version": "0.1.2",
      "resolved": "https://registry.npmmirror.com/wx-qr/-/wx-qr-0.1.2.tgz",
      "integrity": "sha512-U9c6qtQdHYIVnv3joK7FJK1yn3Ia6JTUUaUTTl2RjSxst3NxGr21ytJQ9UngTIIn87g19udFiUHVaQvxmJ4uIQ=="
    }
  },
  "dependencies": {
    "wx-qr": {
      "version": "0.1.2",
      "resolved": "https://registry.npmmirror.com/wx-qr/-/wx-qr-0.1.2.tgz",
      "integrity": "sha512-U9c6qtQdHYIVnv3joK7FJK1yn3Ia6JTUUaUTTl2RjSxst3NxGr21ytJQ9UngTIIn87g19udFiUHVaQvxmJ4uIQ=="
    }
  }
}
